
Microsoft Visual Studio Solution File, Format Version 12.00
# Visual Studio Version 17
VisualStudioVersion = 17.11.35222.181
MinimumVisualStudioVersion = 10.0.40219.1
Project("{FAE04EC0-301F-11D3-BF4B-00C04F79EFBC}") = "ConsoleCalculator", "ConsoleCalculator.csproj", "{A21E152F-5B75-40C4-B7D8-B1AA3F09AA38}"
EndProject
Global
	GlobalSection(SolutionConfigurationPlatforms) = preSolution
		Debug|Any CPU = Debug|Any CPU
		Release|Any CPU = Release|Any CPU
	EndGlobalSection
	GlobalSection(ProjectConfigurationPlatforms) = postSolution
		{A21E152F-5B75-40C4-B7D8-B1AA3F09AA38}.Debug|Any CPU.ActiveCfg = Debug|Any CPU
		{A21E152F-5B75-40C4-B7D8-B1AA3F09AA38}.Debug|Any CPU.Build.0 = Debug|Any CPU
		{A21E152F-5B75-40C4-B7D8-B1AA3F09AA38}.Release|Any CPU.ActiveCfg = Release|Any CPU
		{A21E152F-5B75-40C4-B7D8-B1AA3F09AA38}.Release|Any CPU.Build.0 = Release|Any CPU
	EndGlobalSection
	GlobalSection(SolutionProperties) = preSolution
		HideSolutionNode = FALSE
	EndGlobalSection
	GlobalSection(ExtensibilityGlobals) = postSolution
		SolutionGuid = {3EBBB507-D8AA-4F22-974B-0F801972994A}
	EndGlobalSection
EndGlobal
